
Microsoft Visual Studio Solution File, Format Version 12.00
# Visual Studio Version 17
VisualStudioVersion = 17.7.34031.279
MinimumVisualStudioVersion = 10.0.40219.1
Project("{FAE04EC0-301F-11D3-BF4B-00C04F79EFBC}") = "Practos_4Entity", "Practos_4Entity\Practos_4Entity.csproj", "{4A367913-A0BB-4E65-A25E-9ED17B3CBB4F}"
EndProject
Global
	GlobalSection(SolutionConfigurationPlatforms) = preSolution
		Debug|Any CPU = Debug|Any CPU
		Release|Any CPU = Release|Any CPU
	EndGlobalSection
	GlobalSection(ProjectConfigurationPlatforms) = postSolution
		{4A367913-A0BB-4E65-A25E-9ED17B3CBB4F}.Debug|Any CPU.ActiveCfg = Debug|Any CPU
		{4A367913-A0BB-4E65-A25E-9ED17B3CBB4F}.Debug|Any CPU.Build.0 = Debug|Any CPU
		{4A367913-A0BB-4E65-A25E-9ED17B3CBB4F}.Release|Any CPU.ActiveCfg = Release|Any CPU
		{4A367913-A0BB-4E65-A25E-9ED17B3CBB4F}.Release|Any CPU.Build.0 = Release|Any CPU
	EndGlobalSection
	GlobalSection(SolutionProperties) = preSolution
		HideSolutionNode = FALSE
	EndGlobalSection
	GlobalSection(ExtensibilityGlobals) = postSolution
		SolutionGuid = {3643BD61-30F9-44CF-B78C-F29E7A04E906}
	EndGlobalSection
EndGlobal
